
Microsoft Visual Studio Solution File, Format Version 10.00
# Visual Studio 2008
Project("{FAE04EC0-301F-11D3-BF4B-00C04F79EFBC}") = "UserInterface", "..\Odyssey\UserInterface\UserInterface.csproj", "{DE18678F-8789-41E8-AFA0-EED7FCF3B469}"
EndProject
Project("{FAE04EC0-301F-11D3-BF4B-00C04F79EFBC}") = "Engine", "..\Odyssey\Engine\Engine.csproj", "{38924D32-845D-453A-A617-AE6BD8929610}"
EndProject
Project("{FAE04EC0-301F-11D3-BF4B-00C04F79EFBC}") = "Utils", "..\Odyssey\Utils\Utils.csproj", "{3D15AFC5-4F60-434A-8830-298D95753038}"
EndProject
Project("{FAE04EC0-301F-11D3-BF4B-00C04F79EFBC}") = "Application", "Application\Application.csproj", "{5EA3C28D-E641-450B-B9AC-55537D87BE88}"
EndProject
Project("{FAE04EC0-301F-11D3-BF4B-00C04F79EFBC}") = "MultiversalRuleSystem", "..\MultiversalRuleSystem\MultiversalRuleSystem.csproj", "{0D9B154B-B7D8-4CC8-9245-006F693952D1}"
EndProject
Project("{FAE04EC0-301F-11D3-BF4B-00C04F79EFBC}") = "WindowsFormsTest", "WindowsFormsTest\WindowsFormsTest.csproj", "{119B9202-4B19-42CD-A428-08A85912D21C}"
EndProject
Global
	GlobalSection(SolutionConfigurationPlatforms) = preSolution
		Debug|Any CPU = Debug|Any CPU
		Debug|x64 = Debug|x64
		Release|Any CPU = Release|Any CPU
		Release|x64 = Release|x64
		SlimDx|Any CPU = SlimDx|Any CPU
		SlimDx|x64 = SlimDx|x64
	EndGlobalSection
	GlobalSection(ProjectConfigurationPlatforms) = postSolution
		{DE18678F-8789-41E8-AFA0-EED7FCF3B469}.Debug|Any CPU.ActiveCfg = Release|Any CPU
		{DE18678F-8789-41E8-AFA0-EED7FCF3B469}.Debug|Any CPU.Build.0 = Release|Any CPU
		{DE18678F-8789-41E8-AFA0-EED7FCF3B469}.Debug|x64.ActiveCfg = Debug|Any CPU
		{DE18678F-8789-41E8-AFA0-EED7FCF3B469}.Release|Any CPU.ActiveCfg = Release|Any CPU
		{DE18678F-8789-41E8-AFA0-EED7FCF3B469}.Release|Any CPU.Build.0 = Release|Any CPU
		{DE18678F-8789-41E8-AFA0-EED7FCF3B469}.Release|x64.ActiveCfg = Release|Any CPU
		{DE18678F-8789-41E8-AFA0-EED7FCF3B469}.SlimDx|Any CPU.ActiveCfg = SlimDxDebug|Any CPU
		{DE18678F-8789-41E8-AFA0-EED7FCF3B469}.SlimDx|Any CPU.Build.0 = SlimDxDebug|Any CPU
		{DE18678F-8789-41E8-AFA0-EED7FCF3B469}.SlimDx|x64.ActiveCfg = SlimDxDebug|Any CPU
		{DE18678F-8789-41E8-AFA0-EED7FCF3B469}.SlimDx|x64.Build.0 = SlimDxDebug|Any CPU
		{38924D32-845D-453A-A617-AE6BD8929610}.Debug|Any CPU.ActiveCfg = Debug|Any CPU
		{38924D32-845D-453A-A617-AE6BD8929610}.Debug|Any CPU.Build.0 = Debug|Any CPU
		{38924D32-845D-453A-A617-AE6BD8929610}.Debug|x64.ActiveCfg = Debug|Any CPU
		{38924D32-845D-453A-A617-AE6BD8929610}.Release|Any CPU.ActiveCfg = Release|Any CPU
		{38924D32-845D-453A-A617-AE6BD8929610}.Release|Any CPU.Build.0 = Release|Any CPU
		{38924D32-845D-453A-A617-AE6BD8929610}.Release|x64.ActiveCfg = Release|Any CPU
		{38924D32-845D-453A-A617-AE6BD8929610}.SlimDx|Any CPU.ActiveCfg = Debug|Any CPU
		{38924D32-845D-453A-A617-AE6BD8929610}.SlimDx|Any CPU.Build.0 = Debug|Any CPU
		{38924D32-845D-453A-A617-AE6BD8929610}.SlimDx|x64.ActiveCfg = Release|Any CPU
		{38924D32-845D-453A-A617-AE6BD8929610}.SlimDx|x64.Build.0 = Release|Any CPU
		{3D15AFC5-4F60-434A-8830-298D95753038}.Debug|Any CPU.ActiveCfg = Debug|Any CPU
		{3D15AFC5-4F60-434A-8830-298D95753038}.Debug|Any CPU.Build.0 = Debug|Any CPU
		{3D15AFC5-4F60-434A-8830-298D95753038}.Debug|x64.ActiveCfg = Debug|Any CPU
		{3D15AFC5-4F60-434A-8830-298D95753038}.Release|Any CPU.ActiveCfg = Release|Any CPU
		{3D15AFC5-4F60-434A-8830-298D95753038}.Release|Any CPU.Build.0 = Release|Any CPU
		{3D15AFC5-4F60-434A-8830-298D95753038}.Release|x64.ActiveCfg = Release|Any CPU
		{3D15AFC5-4F60-434A-8830-298D95753038}.SlimDx|Any CPU.ActiveCfg = Debug|Any CPU
		{3D15AFC5-4F60-434A-8830-298D95753038}.SlimDx|Any CPU.Build.0 = Debug|Any CPU
		{3D15AFC5-4F60-434A-8830-298D95753038}.SlimDx|x64.ActiveCfg = Release|Any CPU
		{3D15AFC5-4F60-434A-8830-298D95753038}.SlimDx|x64.Build.0 = Release|Any CPU
		{5EA3C28D-E641-450B-B9AC-55537D87BE88}.Debug|Any CPU.ActiveCfg = Debug|Any CPU
		{5EA3C28D-E641-450B-B9AC-55537D87BE88}.Debug|Any CPU.Build.0 = Debug|Any CPU
		{5EA3C28D-E641-450B-B9AC-55537D87BE88}.Debug|x64.ActiveCfg = Debug|Any CPU
		{5EA3C28D-E641-450B-B9AC-55537D87BE88}.Release|Any CPU.ActiveCfg = Release|Any CPU
		{5EA3C28D-E641-450B-B9AC-55537D87BE88}.Release|Any CPU.Build.0 = Release|Any CPU
		{5EA3C28D-E641-450B-B9AC-55537D87BE88}.Release|x64.ActiveCfg = Release|Any CPU
		{5EA3C28D-E641-450B-B9AC-55537D87BE88}.SlimDx|Any CPU.ActiveCfg = Debug|Any CPU
		{5EA3C28D-E641-450B-B9AC-55537D87BE88}.SlimDx|Any CPU.Build.0 = Debug|Any CPU
		{5EA3C28D-E641-450B-B9AC-55537D87BE88}.SlimDx|x64.ActiveCfg = Release|Any CPU
		{0D9B154B-B7D8-4CC8-9245-006F693952D1}.Debug|Any CPU.ActiveCfg = Debug|Any CPU
		{0D9B154B-B7D8-4CC8-9245-006F693952D1}.Debug|Any CPU.Build.0 = Debug|Any CPU
		{0D9B154B-B7D8-4CC8-9245-006F693952D1}.Debug|x64.ActiveCfg = Debug|Any CPU
		{0D9B154B-B7D8-4CC8-9245-006F693952D1}.Release|Any CPU.ActiveCfg = Release|Any CPU
		{0D9B154B-B7D8-4CC8-9245-006F693952D1}.Release|Any CPU.Build.0 = Release|Any CPU
		{0D9B154B-B7D8-4CC8-9245-006F693952D1}.Release|x64.ActiveCfg = Release|Any CPU
		{0D9B154B-B7D8-4CC8-9245-006F693952D1}.SlimDx|Any CPU.ActiveCfg = Release|Any CPU
		{0D9B154B-B7D8-4CC8-9245-006F693952D1}.SlimDx|Any CPU.Build.0 = Release|Any CPU
		{0D9B154B-B7D8-4CC8-9245-006F693952D1}.SlimDx|x64.ActiveCfg = Release|Any CPU
		{119B9202-4B19-42CD-A428-08A85912D21C}.Debug|Any CPU.ActiveCfg = Debug|Any CPU
		{119B9202-4B19-42CD-A428-08A85912D21C}.Debug|Any CPU.Build.0 = Debug|Any CPU
		{119B9202-4B19-42CD-A428-08A85912D21C}.Debug|x64.ActiveCfg = Debug|Any CPU
		{119B9202-4B19-42CD-A428-08A85912D21C}.Release|Any CPU.ActiveCfg = Release|Any CPU
		{119B9202-4B19-42CD-A428-08A85912D21C}.Release|Any CPU.Build.0 = Release|Any CPU
		{119B9202-4B19-42CD-A428-08A85912D21C}.Release|x64.ActiveCfg = Release|Any CPU
		{119B9202-4B19-42CD-A428-08A85912D21C}.SlimDx|Any CPU.ActiveCfg = Debug|Any CPU
		{119B9202-4B19-42CD-A428-08A85912D21C}.SlimDx|Any CPU.Build.0 = Debug|Any CPU
		{119B9202-4B19-42CD-A428-08A85912D21C}.SlimDx|x64.ActiveCfg = Release|Any CPU
	EndGlobalSection
	GlobalSection(SolutionProperties) = preSolution
		HideSolutionNode = FALSE
	EndGlobalSection
EndGlobal
