
Microsoft Visual Studio Solution File, Format Version 10.00
# Visual Studio 2008
Project("{FAE04EC0-301F-11D3-BF4B-00C04F79EFBC}") = "UserInterface", "..\Odyssey\UserInterface\UserInterface.csproj", "{DE18678F-8789-41E8-AFA0-EED7FCF3B469}"
EndProject
Project("{FAE04EC0-301F-11D3-BF4B-00C04F79EFBC}") = "Engine", "..\Odyssey\Engine\Engine.csproj", "{38924D32-845D-453A-A617-AE6BD8929610}"
EndProject
Project("{FAE04EC0-301F-11D3-BF4B-00C04F79EFBC}") = "Game", "Game\Game.csproj", "{70E0E0DB-F8DB-4412-98CA-809F6C2963D5}"
EndProject
Global
	GlobalSection(SolutionConfigurationPlatforms) = preSolution
		Debug|Any CPU = Debug|Any CPU
		Release|Any CPU = Release|Any CPU
		SlimDx|Any CPU = SlimDx|Any CPU
	EndGlobalSection
	GlobalSection(ProjectConfigurationPlatforms) = postSolution
		{DE18678F-8789-41E8-AFA0-EED7FCF3B469}.Debug|Any CPU.ActiveCfg = Release|Any CPU
		{DE18678F-8789-41E8-AFA0-EED7FCF3B469}.Debug|Any CPU.Build.0 = Release|Any CPU
		{DE18678F-8789-41E8-AFA0-EED7FCF3B469}.Release|Any CPU.ActiveCfg = Release|Any CPU
		{DE18678F-8789-41E8-AFA0-EED7FCF3B469}.Release|Any CPU.Build.0 = Release|Any CPU
		{DE18678F-8789-41E8-AFA0-EED7FCF3B469}.SlimDx|Any CPU.ActiveCfg = SlimDxDebug|Any CPU
		{DE18678F-8789-41E8-AFA0-EED7FCF3B469}.SlimDx|Any CPU.Build.0 = SlimDxDebug|Any CPU
		{38924D32-845D-453A-A617-AE6BD8929610}.Debug|Any CPU.ActiveCfg = Debug|Any CPU
		{38924D32-845D-453A-A617-AE6BD8929610}.Debug|Any CPU.Build.0 = Debug|Any CPU
		{38924D32-845D-453A-A617-AE6BD8929610}.Release|Any CPU.ActiveCfg = Release|Any CPU
		{38924D32-845D-453A-A617-AE6BD8929610}.Release|Any CPU.Build.0 = Release|Any CPU
		{38924D32-845D-453A-A617-AE6BD8929610}.SlimDx|Any CPU.ActiveCfg = Debug|Any CPU
		{38924D32-845D-453A-A617-AE6BD8929610}.SlimDx|Any CPU.Build.0 = Debug|Any CPU
		{70E0E0DB-F8DB-4412-98CA-809F6C2963D5}.Debug|Any CPU.ActiveCfg = Debug|Any CPU
		{70E0E0DB-F8DB-4412-98CA-809F6C2963D5}.Debug|Any CPU.Build.0 = Debug|Any CPU
		{70E0E0DB-F8DB-4412-98CA-809F6C2963D5}.Release|Any CPU.ActiveCfg = Release|Any CPU
		{70E0E0DB-F8DB-4412-98CA-809F6C2963D5}.Release|Any CPU.Build.0 = Release|Any CPU
		{70E0E0DB-F8DB-4412-98CA-809F6C2963D5}.SlimDx|Any CPU.ActiveCfg = Debug|Any CPU
		{70E0E0DB-F8DB-4412-98CA-809F6C2963D5}.SlimDx|Any CPU.Build.0 = Debug|Any CPU
	EndGlobalSection
	GlobalSection(SolutionProperties) = preSolution
		HideSolutionNode = FALSE
	EndGlobalSection
EndGlobal
