
Microsoft Visual Studio Solution File, Format Version 10.00
# Visual Studio 2008
Project("{FAE04EC0-301F-11D3-BF4B-00C04F79EFBC}") = "Odysseus", "Odysseus\Odysseus.csproj", "{411AE5CD-912E-420A-813E-F446E8ED0480}"
EndProject
Project("{FAE04EC0-301F-11D3-BF4B-00C04F79EFBC}") = "Engine", "..\Odyssey\Engine\Engine.csproj", "{38924D32-845D-453A-A617-AE6BD8929610}"
EndProject
Project("{FAE04EC0-301F-11D3-BF4B-00C04F79EFBC}") = "UserInterface", "..\Odyssey\UserInterface\UserInterface.csproj", "{DE18678F-8789-41E8-AFA0-EED7FCF3B469}"
EndProject
Global
	GlobalSection(SolutionConfigurationPlatforms) = preSolution
		Debug|Any CPU = Debug|Any CPU
		Release|Any CPU = Release|Any CPU
		SlimDxDebug|Any CPU = SlimDxDebug|Any CPU
	EndGlobalSection
	GlobalSection(ProjectConfigurationPlatforms) = postSolution
		{411AE5CD-912E-420A-813E-F446E8ED0480}.Debug|Any CPU.ActiveCfg = Debug|Any CPU
		{411AE5CD-912E-420A-813E-F446E8ED0480}.Debug|Any CPU.Build.0 = Debug|Any CPU
		{411AE5CD-912E-420A-813E-F446E8ED0480}.Release|Any CPU.ActiveCfg = Release|Any CPU
		{411AE5CD-912E-420A-813E-F446E8ED0480}.Release|Any CPU.Build.0 = Release|Any CPU
		{411AE5CD-912E-420A-813E-F446E8ED0480}.SlimDxDebug|Any CPU.ActiveCfg = Debug|Any CPU
		{411AE5CD-912E-420A-813E-F446E8ED0480}.SlimDxDebug|Any CPU.Build.0 = Debug|Any CPU
		{38924D32-845D-453A-A617-AE6BD8929610}.Debug|Any CPU.ActiveCfg = Debug|Any CPU
		{38924D32-845D-453A-A617-AE6BD8929610}.Debug|Any CPU.Build.0 = Debug|Any CPU
		{38924D32-845D-453A-A617-AE6BD8929610}.Release|Any CPU.ActiveCfg = Release|Any CPU
		{38924D32-845D-453A-A617-AE6BD8929610}.Release|Any CPU.Build.0 = Release|Any CPU
		{38924D32-845D-453A-A617-AE6BD8929610}.SlimDxDebug|Any CPU.ActiveCfg = Debug|Any CPU
		{38924D32-845D-453A-A617-AE6BD8929610}.SlimDxDebug|Any CPU.Build.0 = Debug|Any CPU
		{DE18678F-8789-41E8-AFA0-EED7FCF3B469}.Debug|Any CPU.ActiveCfg = Debug|Any CPU
		{DE18678F-8789-41E8-AFA0-EED7FCF3B469}.Debug|Any CPU.Build.0 = Debug|Any CPU
		{DE18678F-8789-41E8-AFA0-EED7FCF3B469}.Release|Any CPU.ActiveCfg = Release|Any CPU
		{DE18678F-8789-41E8-AFA0-EED7FCF3B469}.Release|Any CPU.Build.0 = Release|Any CPU
		{DE18678F-8789-41E8-AFA0-EED7FCF3B469}.SlimDxDebug|Any CPU.ActiveCfg = SlimDxDebug|Any CPU
		{DE18678F-8789-41E8-AFA0-EED7FCF3B469}.SlimDxDebug|Any CPU.Build.0 = SlimDxDebug|Any CPU
	EndGlobalSection
	GlobalSection(SolutionProperties) = preSolution
		HideSolutionNode = FALSE
	EndGlobalSection
EndGlobal
