
Microsoft Visual Studio Solution File, Format Version 11.00
# Visual Studio 2010
Project("{FAE04EC0-301F-11D3-BF4B-00C04F79EFBC}") = "StarOdyssey", "StarOdyssey\StarOdyssey.csproj", "{6CB4F25C-2817-40C0-9513-0127E65A2006}"
EndProject
Project("{FAE04EC0-301F-11D3-BF4B-00C04F79EFBC}") = "Utils", "Odyssey\Utils\Utils.csproj", "{3D15AFC5-4F60-434A-8830-298D95753038}"
EndProject
Project("{FAE04EC0-301F-11D3-BF4B-00C04F79EFBC}") = "Odyssey", "Odyssey\Odyssey.csproj", "{B343E52E-51F3-4667-ACE1-15ABE72EBDFA}"
EndProject
Project("{FAE04EC0-301F-11D3-BF4B-00C04F79EFBC}") = "Engine", "..\AvengersUtd2\Odyssey\Engine\Engine.csproj", "{38924D32-845D-453A-A617-AE6BD8929610}"
EndProject
Global
	GlobalSection(SubversionScc) = preSolution
		Svn-Managed = True
		Manager = AnkhSVN - Subversion Support for Visual Studio
	EndGlobalSection
	GlobalSection(SolutionConfigurationPlatforms) = preSolution
		Debug|Any CPU = Debug|Any CPU
		Debug|Mixed Platforms = Debug|Mixed Platforms
		Debug|x86 = Debug|x86
		Release|Any CPU = Release|Any CPU
		Release|Mixed Platforms = Release|Mixed Platforms
		Release|x86 = Release|x86
	EndGlobalSection
	GlobalSection(ProjectConfigurationPlatforms) = postSolution
		{6CB4F25C-2817-40C0-9513-0127E65A2006}.Debug|Any CPU.ActiveCfg = Debug|x86
		{6CB4F25C-2817-40C0-9513-0127E65A2006}.Debug|Mixed Platforms.ActiveCfg = Debug|x86
		{6CB4F25C-2817-40C0-9513-0127E65A2006}.Debug|Mixed Platforms.Build.0 = Debug|x86
		{6CB4F25C-2817-40C0-9513-0127E65A2006}.Debug|x86.ActiveCfg = Debug|x86
		{6CB4F25C-2817-40C0-9513-0127E65A2006}.Debug|x86.Build.0 = Debug|x86
		{6CB4F25C-2817-40C0-9513-0127E65A2006}.Release|Any CPU.ActiveCfg = Release|x86
		{6CB4F25C-2817-40C0-9513-0127E65A2006}.Release|Mixed Platforms.ActiveCfg = Release|x86
		{6CB4F25C-2817-40C0-9513-0127E65A2006}.Release|Mixed Platforms.Build.0 = Release|x86
		{6CB4F25C-2817-40C0-9513-0127E65A2006}.Release|x86.ActiveCfg = Release|x86
		{6CB4F25C-2817-40C0-9513-0127E65A2006}.Release|x86.Build.0 = Release|x86
		{3D15AFC5-4F60-434A-8830-298D95753038}.Debug|Any CPU.ActiveCfg = Debug|Any CPU
		{3D15AFC5-4F60-434A-8830-298D95753038}.Debug|Any CPU.Build.0 = Debug|Any CPU
		{3D15AFC5-4F60-434A-8830-298D95753038}.Debug|Mixed Platforms.ActiveCfg = Debug|Any CPU
		{3D15AFC5-4F60-434A-8830-298D95753038}.Debug|Mixed Platforms.Build.0 = Debug|Any CPU
		{3D15AFC5-4F60-434A-8830-298D95753038}.Debug|x86.ActiveCfg = Debug|Any CPU
		{3D15AFC5-4F60-434A-8830-298D95753038}.Release|Any CPU.ActiveCfg = Release|Any CPU
		{3D15AFC5-4F60-434A-8830-298D95753038}.Release|Any CPU.Build.0 = Release|Any CPU
		{3D15AFC5-4F60-434A-8830-298D95753038}.Release|Mixed Platforms.ActiveCfg = Release|Any CPU
		{3D15AFC5-4F60-434A-8830-298D95753038}.Release|Mixed Platforms.Build.0 = Release|Any CPU
		{3D15AFC5-4F60-434A-8830-298D95753038}.Release|x86.ActiveCfg = Release|Any CPU
		{B343E52E-51F3-4667-ACE1-15ABE72EBDFA}.Debug|Any CPU.ActiveCfg = Debug|x86
		{B343E52E-51F3-4667-ACE1-15ABE72EBDFA}.Debug|Mixed Platforms.ActiveCfg = Debug|x86
		{B343E52E-51F3-4667-ACE1-15ABE72EBDFA}.Debug|Mixed Platforms.Build.0 = Debug|x86
		{B343E52E-51F3-4667-ACE1-15ABE72EBDFA}.Debug|x86.ActiveCfg = Debug|x86
		{B343E52E-51F3-4667-ACE1-15ABE72EBDFA}.Debug|x86.Build.0 = Debug|x86
		{B343E52E-51F3-4667-ACE1-15ABE72EBDFA}.Release|Any CPU.ActiveCfg = Release|x86
		{B343E52E-51F3-4667-ACE1-15ABE72EBDFA}.Release|Mixed Platforms.ActiveCfg = Release|x86
		{B343E52E-51F3-4667-ACE1-15ABE72EBDFA}.Release|Mixed Platforms.Build.0 = Release|x86
		{B343E52E-51F3-4667-ACE1-15ABE72EBDFA}.Release|x86.ActiveCfg = Release|x86
		{B343E52E-51F3-4667-ACE1-15ABE72EBDFA}.Release|x86.Build.0 = Release|x86
		{38924D32-845D-453A-A617-AE6BD8929610}.Debug|Any CPU.ActiveCfg = Debug|Any CPU
		{38924D32-845D-453A-A617-AE6BD8929610}.Debug|Any CPU.Build.0 = Debug|Any CPU
		{38924D32-845D-453A-A617-AE6BD8929610}.Debug|Mixed Platforms.ActiveCfg = Debug|Any CPU
		{38924D32-845D-453A-A617-AE6BD8929610}.Debug|x86.ActiveCfg = Debug|Any CPU
		{38924D32-845D-453A-A617-AE6BD8929610}.Release|Any CPU.ActiveCfg = Release|Any CPU
		{38924D32-845D-453A-A617-AE6BD8929610}.Release|Any CPU.Build.0 = Release|Any CPU
		{38924D32-845D-453A-A617-AE6BD8929610}.Release|Mixed Platforms.ActiveCfg = Release|Any CPU
		{38924D32-845D-453A-A617-AE6BD8929610}.Release|Mixed Platforms.Build.0 = Release|Any CPU
		{38924D32-845D-453A-A617-AE6BD8929610}.Release|x86.ActiveCfg = Release|Any CPU
	EndGlobalSection
	GlobalSection(SolutionProperties) = preSolution
		HideSolutionNode = FALSE
	EndGlobalSection
EndGlobal
