
Microsoft Visual Studio Solution File, Format Version 11.00
# Visual Studio 2010
Project("{FAE04EC0-301F-11D3-BF4B-00C04F79EFBC}") = "StarOdyssey", "StarOdyssey\StarOdyssey.csproj", "{6CB4F25C-2817-40C0-9513-0127E65A2006}"
EndProject
Project("{FAE04EC0-301F-11D3-BF4B-00C04F79EFBC}") = "Odyssey", "Odyssey\Odyssey.csproj", "{B343E52E-51F3-4667-ACE1-15ABE72EBDFA}"
EndProject
Project("{FAE04EC0-301F-11D3-BF4B-00C04F79EFBC}") = "Odysseus", "Odysseus\Odysseus.csproj", "{9B8C94E5-3710-4F4C-A182-BADE965E2DF6}"
EndProject
Project("{FAE04EC0-301F-11D3-BF4B-00C04F79EFBC}") = "SimpleEnumeration", "..\..\SlimDx Samples\SlimDX Samples (March 2011)\Direct3D10\SimpleEnumeration\SimpleEnumeration.csproj", "{6D838B47-ED76-42AA-B01F-8002FCB41478}"
EndProject
Global
	GlobalSection(SubversionScc) = preSolution
		Svn-Managed = True
		Manager = AnkhSVN - Subversion Support for Visual Studio
	EndGlobalSection
	GlobalSection(SolutionConfigurationPlatforms) = preSolution
		Debug|Any CPU = Debug|Any CPU
		Debug|Mixed Platforms = Debug|Mixed Platforms
		Debug|x64 = Debug|x64
		Debug|x86 = Debug|x86
		Debug-4.0|Any CPU = Debug-4.0|Any CPU
		Debug-4.0|Mixed Platforms = Debug-4.0|Mixed Platforms
		Debug-4.0|x64 = Debug-4.0|x64
		Debug-4.0|x86 = Debug-4.0|x86
		Public-4.0|Any CPU = Public-4.0|Any CPU
		Public-4.0|Mixed Platforms = Public-4.0|Mixed Platforms
		Public-4.0|x64 = Public-4.0|x64
		Public-4.0|x86 = Public-4.0|x86
		Release|Any CPU = Release|Any CPU
		Release|Mixed Platforms = Release|Mixed Platforms
		Release|x64 = Release|x64
		Release|x86 = Release|x86
		Release-4.0|Any CPU = Release-4.0|Any CPU
		Release-4.0|Mixed Platforms = Release-4.0|Mixed Platforms
		Release-4.0|x64 = Release-4.0|x64
		Release-4.0|x86 = Release-4.0|x86
	EndGlobalSection
	GlobalSection(ProjectConfigurationPlatforms) = postSolution
		{6CB4F25C-2817-40C0-9513-0127E65A2006}.Debug|Any CPU.ActiveCfg = Debug|x86
		{6CB4F25C-2817-40C0-9513-0127E65A2006}.Debug|Mixed Platforms.ActiveCfg = Debug|x86
		{6CB4F25C-2817-40C0-9513-0127E65A2006}.Debug|Mixed Platforms.Build.0 = Debug|x86
		{6CB4F25C-2817-40C0-9513-0127E65A2006}.Debug|x64.ActiveCfg = Debug|x86
		{6CB4F25C-2817-40C0-9513-0127E65A2006}.Debug|x86.ActiveCfg = Debug|x86
		{6CB4F25C-2817-40C0-9513-0127E65A2006}.Debug|x86.Build.0 = Debug|x86
		{6CB4F25C-2817-40C0-9513-0127E65A2006}.Debug-4.0|Any CPU.ActiveCfg = Debug|x86
		{6CB4F25C-2817-40C0-9513-0127E65A2006}.Debug-4.0|Mixed Platforms.ActiveCfg = Debug|x86
		{6CB4F25C-2817-40C0-9513-0127E65A2006}.Debug-4.0|Mixed Platforms.Build.0 = Debug|x86
		{6CB4F25C-2817-40C0-9513-0127E65A2006}.Debug-4.0|x64.ActiveCfg = Debug|x86
		{6CB4F25C-2817-40C0-9513-0127E65A2006}.Debug-4.0|x86.ActiveCfg = Debug|x86
		{6CB4F25C-2817-40C0-9513-0127E65A2006}.Debug-4.0|x86.Build.0 = Debug|x86
		{6CB4F25C-2817-40C0-9513-0127E65A2006}.Public-4.0|Any CPU.ActiveCfg = Release|x86
		{6CB4F25C-2817-40C0-9513-0127E65A2006}.Public-4.0|Mixed Platforms.ActiveCfg = Release|x86
		{6CB4F25C-2817-40C0-9513-0127E65A2006}.Public-4.0|Mixed Platforms.Build.0 = Release|x86
		{6CB4F25C-2817-40C0-9513-0127E65A2006}.Public-4.0|x64.ActiveCfg = Release|x86
		{6CB4F25C-2817-40C0-9513-0127E65A2006}.Public-4.0|x86.ActiveCfg = Release|x86
		{6CB4F25C-2817-40C0-9513-0127E65A2006}.Public-4.0|x86.Build.0 = Release|x86
		{6CB4F25C-2817-40C0-9513-0127E65A2006}.Release|Any CPU.ActiveCfg = Release|x86
		{6CB4F25C-2817-40C0-9513-0127E65A2006}.Release|Mixed Platforms.ActiveCfg = Release|x86
		{6CB4F25C-2817-40C0-9513-0127E65A2006}.Release|Mixed Platforms.Build.0 = Release|x86
		{6CB4F25C-2817-40C0-9513-0127E65A2006}.Release|x64.ActiveCfg = Release|x86
		{6CB4F25C-2817-40C0-9513-0127E65A2006}.Release|x86.ActiveCfg = Release|x86
		{6CB4F25C-2817-40C0-9513-0127E65A2006}.Release|x86.Build.0 = Release|x86
		{6CB4F25C-2817-40C0-9513-0127E65A2006}.Release-4.0|Any CPU.ActiveCfg = Release|x86
		{6CB4F25C-2817-40C0-9513-0127E65A2006}.Release-4.0|Mixed Platforms.ActiveCfg = Release|x86
		{6CB4F25C-2817-40C0-9513-0127E65A2006}.Release-4.0|Mixed Platforms.Build.0 = Release|x86
		{6CB4F25C-2817-40C0-9513-0127E65A2006}.Release-4.0|x64.ActiveCfg = Release|x86
		{6CB4F25C-2817-40C0-9513-0127E65A2006}.Release-4.0|x86.ActiveCfg = Release|x86
		{6CB4F25C-2817-40C0-9513-0127E65A2006}.Release-4.0|x86.Build.0 = Release|x86
		{B343E52E-51F3-4667-ACE1-15ABE72EBDFA}.Debug|Any CPU.ActiveCfg = Debug|x86
		{B343E52E-51F3-4667-ACE1-15ABE72EBDFA}.Debug|Mixed Platforms.ActiveCfg = Debug|x86
		{B343E52E-51F3-4667-ACE1-15ABE72EBDFA}.Debug|Mixed Platforms.Build.0 = Debug|x86
		{B343E52E-51F3-4667-ACE1-15ABE72EBDFA}.Debug|x64.ActiveCfg = Debug|x86
		{B343E52E-51F3-4667-ACE1-15ABE72EBDFA}.Debug|x86.ActiveCfg = Debug|x86
		{B343E52E-51F3-4667-ACE1-15ABE72EBDFA}.Debug|x86.Build.0 = Debug|x86
		{B343E52E-51F3-4667-ACE1-15ABE72EBDFA}.Debug-4.0|Any CPU.ActiveCfg = Debug|x86
		{B343E52E-51F3-4667-ACE1-15ABE72EBDFA}.Debug-4.0|Mixed Platforms.ActiveCfg = Debug|x86
		{B343E52E-51F3-4667-ACE1-15ABE72EBDFA}.Debug-4.0|Mixed Platforms.Build.0 = Debug|x86
		{B343E52E-51F3-4667-ACE1-15ABE72EBDFA}.Debug-4.0|x64.ActiveCfg = Debug|x86
		{B343E52E-51F3-4667-ACE1-15ABE72EBDFA}.Debug-4.0|x86.ActiveCfg = Debug|x86
		{B343E52E-51F3-4667-ACE1-15ABE72EBDFA}.Debug-4.0|x86.Build.0 = Debug|x86
		{B343E52E-51F3-4667-ACE1-15ABE72EBDFA}.Public-4.0|Any CPU.ActiveCfg = Release|x86
		{B343E52E-51F3-4667-ACE1-15ABE72EBDFA}.Public-4.0|Mixed Platforms.ActiveCfg = Release|x86
		{B343E52E-51F3-4667-ACE1-15ABE72EBDFA}.Public-4.0|Mixed Platforms.Build.0 = Release|x86
		{B343E52E-51F3-4667-ACE1-15ABE72EBDFA}.Public-4.0|x64.ActiveCfg = Release|x86
		{B343E52E-51F3-4667-ACE1-15ABE72EBDFA}.Public-4.0|x86.ActiveCfg = Release|x86
		{B343E52E-51F3-4667-ACE1-15ABE72EBDFA}.Public-4.0|x86.Build.0 = Release|x86
		{B343E52E-51F3-4667-ACE1-15ABE72EBDFA}.Release|Any CPU.ActiveCfg = Release|x86
		{B343E52E-51F3-4667-ACE1-15ABE72EBDFA}.Release|Mixed Platforms.ActiveCfg = Release|x86
		{B343E52E-51F3-4667-ACE1-15ABE72EBDFA}.Release|Mixed Platforms.Build.0 = Release|x86
		{B343E52E-51F3-4667-ACE1-15ABE72EBDFA}.Release|x64.ActiveCfg = Release|x86
		{B343E52E-51F3-4667-ACE1-15ABE72EBDFA}.Release|x86.ActiveCfg = Release|x86
		{B343E52E-51F3-4667-ACE1-15ABE72EBDFA}.Release|x86.Build.0 = Release|x86
		{B343E52E-51F3-4667-ACE1-15ABE72EBDFA}.Release-4.0|Any CPU.ActiveCfg = Release|x86
		{B343E52E-51F3-4667-ACE1-15ABE72EBDFA}.Release-4.0|Mixed Platforms.ActiveCfg = Release|x86
		{B343E52E-51F3-4667-ACE1-15ABE72EBDFA}.Release-4.0|Mixed Platforms.Build.0 = Release|x86
		{B343E52E-51F3-4667-ACE1-15ABE72EBDFA}.Release-4.0|x64.ActiveCfg = Release|x86
		{B343E52E-51F3-4667-ACE1-15ABE72EBDFA}.Release-4.0|x86.ActiveCfg = Release|x86
		{B343E52E-51F3-4667-ACE1-15ABE72EBDFA}.Release-4.0|x86.Build.0 = Release|x86
		{9B8C94E5-3710-4F4C-A182-BADE965E2DF6}.Debug|Any CPU.ActiveCfg = Debug|x86
		{9B8C94E5-3710-4F4C-A182-BADE965E2DF6}.Debug|Mixed Platforms.ActiveCfg = Debug|x86
		{9B8C94E5-3710-4F4C-A182-BADE965E2DF6}.Debug|Mixed Platforms.Build.0 = Debug|x86
		{9B8C94E5-3710-4F4C-A182-BADE965E2DF6}.Debug|x64.ActiveCfg = Debug|x86
		{9B8C94E5-3710-4F4C-A182-BADE965E2DF6}.Debug|x86.ActiveCfg = Debug|x86
		{9B8C94E5-3710-4F4C-A182-BADE965E2DF6}.Debug|x86.Build.0 = Debug|x86
		{9B8C94E5-3710-4F4C-A182-BADE965E2DF6}.Debug-4.0|Any CPU.ActiveCfg = Debug|x86
		{9B8C94E5-3710-4F4C-A182-BADE965E2DF6}.Debug-4.0|Mixed Platforms.ActiveCfg = Debug|x86
		{9B8C94E5-3710-4F4C-A182-BADE965E2DF6}.Debug-4.0|Mixed Platforms.Build.0 = Debug|x86
		{9B8C94E5-3710-4F4C-A182-BADE965E2DF6}.Debug-4.0|x64.ActiveCfg = Debug|x86
		{9B8C94E5-3710-4F4C-A182-BADE965E2DF6}.Debug-4.0|x86.ActiveCfg = Debug|x86
		{9B8C94E5-3710-4F4C-A182-BADE965E2DF6}.Debug-4.0|x86.Build.0 = Debug|x86
		{9B8C94E5-3710-4F4C-A182-BADE965E2DF6}.Public-4.0|Any CPU.ActiveCfg = Release|x86
		{9B8C94E5-3710-4F4C-A182-BADE965E2DF6}.Public-4.0|Mixed Platforms.ActiveCfg = Release|x86
		{9B8C94E5-3710-4F4C-A182-BADE965E2DF6}.Public-4.0|Mixed Platforms.Build.0 = Release|x86
		{9B8C94E5-3710-4F4C-A182-BADE965E2DF6}.Public-4.0|x64.ActiveCfg = Release|x86
		{9B8C94E5-3710-4F4C-A182-BADE965E2DF6}.Public-4.0|x86.ActiveCfg = Release|x86
		{9B8C94E5-3710-4F4C-A182-BADE965E2DF6}.Public-4.0|x86.Build.0 = Release|x86
		{9B8C94E5-3710-4F4C-A182-BADE965E2DF6}.Release|Any CPU.ActiveCfg = Release|x86
		{9B8C94E5-3710-4F4C-A182-BADE965E2DF6}.Release|Mixed Platforms.ActiveCfg = Release|x86
		{9B8C94E5-3710-4F4C-A182-BADE965E2DF6}.Release|Mixed Platforms.Build.0 = Release|x86
		{9B8C94E5-3710-4F4C-A182-BADE965E2DF6}.Release|x64.ActiveCfg = Release|x86
		{9B8C94E5-3710-4F4C-A182-BADE965E2DF6}.Release|x86.ActiveCfg = Release|x86
		{9B8C94E5-3710-4F4C-A182-BADE965E2DF6}.Release|x86.Build.0 = Release|x86
		{9B8C94E5-3710-4F4C-A182-BADE965E2DF6}.Release-4.0|Any CPU.ActiveCfg = Release|x86
		{9B8C94E5-3710-4F4C-A182-BADE965E2DF6}.Release-4.0|Mixed Platforms.ActiveCfg = Release|x86
		{9B8C94E5-3710-4F4C-A182-BADE965E2DF6}.Release-4.0|Mixed Platforms.Build.0 = Release|x86
		{9B8C94E5-3710-4F4C-A182-BADE965E2DF6}.Release-4.0|x64.ActiveCfg = Release|x86
		{9B8C94E5-3710-4F4C-A182-BADE965E2DF6}.Release-4.0|x86.ActiveCfg = Release|x86
		{9B8C94E5-3710-4F4C-A182-BADE965E2DF6}.Release-4.0|x86.Build.0 = Release|x86
		{6D838B47-ED76-42AA-B01F-8002FCB41478}.Debug|Any CPU.ActiveCfg = Debug|x86
		{6D838B47-ED76-42AA-B01F-8002FCB41478}.Debug|Mixed Platforms.ActiveCfg = Debug|x86
		{6D838B47-ED76-42AA-B01F-8002FCB41478}.Debug|Mixed Platforms.Build.0 = Debug|x86
		{6D838B47-ED76-42AA-B01F-8002FCB41478}.Debug|x64.ActiveCfg = Debug|x64
		{6D838B47-ED76-42AA-B01F-8002FCB41478}.Debug|x64.Build.0 = Debug|x64
		{6D838B47-ED76-42AA-B01F-8002FCB41478}.Debug|x86.ActiveCfg = Debug|x86
		{6D838B47-ED76-42AA-B01F-8002FCB41478}.Debug|x86.Build.0 = Debug|x86
		{6D838B47-ED76-42AA-B01F-8002FCB41478}.Debug-4.0|Any CPU.ActiveCfg = Debug-4.0|x86
		{6D838B47-ED76-42AA-B01F-8002FCB41478}.Debug-4.0|Mixed Platforms.ActiveCfg = Debug-4.0|x86
		{6D838B47-ED76-42AA-B01F-8002FCB41478}.Debug-4.0|Mixed Platforms.Build.0 = Debug-4.0|x86
		{6D838B47-ED76-42AA-B01F-8002FCB41478}.Debug-4.0|x64.ActiveCfg = Debug-4.0|x64
		{6D838B47-ED76-42AA-B01F-8002FCB41478}.Debug-4.0|x64.Build.0 = Debug-4.0|x64
		{6D838B47-ED76-42AA-B01F-8002FCB41478}.Debug-4.0|x86.ActiveCfg = Debug-4.0|x86
		{6D838B47-ED76-42AA-B01F-8002FCB41478}.Debug-4.0|x86.Build.0 = Debug-4.0|x86
		{6D838B47-ED76-42AA-B01F-8002FCB41478}.Public-4.0|Any CPU.ActiveCfg = Public-4.0|x86
		{6D838B47-ED76-42AA-B01F-8002FCB41478}.Public-4.0|Mixed Platforms.ActiveCfg = Public-4.0|x86
		{6D838B47-ED76-42AA-B01F-8002FCB41478}.Public-4.0|Mixed Platforms.Build.0 = Public-4.0|x86
		{6D838B47-ED76-42AA-B01F-8002FCB41478}.Public-4.0|x64.ActiveCfg = Public-4.0|x64
		{6D838B47-ED76-42AA-B01F-8002FCB41478}.Public-4.0|x64.Build.0 = Public-4.0|x64
		{6D838B47-ED76-42AA-B01F-8002FCB41478}.Public-4.0|x86.ActiveCfg = Public-4.0|x86
		{6D838B47-ED76-42AA-B01F-8002FCB41478}.Public-4.0|x86.Build.0 = Public-4.0|x86
		{6D838B47-ED76-42AA-B01F-8002FCB41478}.Release|Any CPU.ActiveCfg = Release|x86
		{6D838B47-ED76-42AA-B01F-8002FCB41478}.Release|Mixed Platforms.ActiveCfg = Release|x86
		{6D838B47-ED76-42AA-B01F-8002FCB41478}.Release|Mixed Platforms.Build.0 = Release|x86
		{6D838B47-ED76-42AA-B01F-8002FCB41478}.Release|x64.ActiveCfg = Release|x64
		{6D838B47-ED76-42AA-B01F-8002FCB41478}.Release|x64.Build.0 = Release|x64
		{6D838B47-ED76-42AA-B01F-8002FCB41478}.Release|x86.ActiveCfg = Release|x86
		{6D838B47-ED76-42AA-B01F-8002FCB41478}.Release|x86.Build.0 = Release|x86
		{6D838B47-ED76-42AA-B01F-8002FCB41478}.Release-4.0|Any CPU.ActiveCfg = Release-4.0|x86
		{6D838B47-ED76-42AA-B01F-8002FCB41478}.Release-4.0|Mixed Platforms.ActiveCfg = Release-4.0|x86
		{6D838B47-ED76-42AA-B01F-8002FCB41478}.Release-4.0|Mixed Platforms.Build.0 = Release-4.0|x86
		{6D838B47-ED76-42AA-B01F-8002FCB41478}.Release-4.0|x64.ActiveCfg = Release-4.0|x64
		{6D838B47-ED76-42AA-B01F-8002FCB41478}.Release-4.0|x64.Build.0 = Release-4.0|x64
		{6D838B47-ED76-42AA-B01F-8002FCB41478}.Release-4.0|x86.ActiveCfg = Release-4.0|x86
		{6D838B47-ED76-42AA-B01F-8002FCB41478}.Release-4.0|x86.Build.0 = Release-4.0|x86
	EndGlobalSection
	GlobalSection(SolutionProperties) = preSolution
		HideSolutionNode = FALSE
	EndGlobalSection
EndGlobal
